// !$*UTF8*$!
{
	archiveVersion = 1;
	classes = {
	};
	objectVersion = 56;
	objects = {

/* Begin PBXBuildFile section */
		B956E0B82A79DD5300C62CE8 /* TimerApp.swift in Sources */ = {isa = PBXBuildFile; fileRef = B956E0B72A79DD5300C62CE8 /* TimerApp.swift */; };
		B956E0BA2A79DD5300C62CE8 /* ContentView.swift in Sources */ = {isa = PBXBuildFile; fileRef = B956E0B92A79DD5300C62CE8 /* ContentView.swift */; };
		B956E0BC2A79DD5400C62CE8 /* Assets.xcassets in Resources */ = {isa = PBXBuildFile; fileRef = B956E0BB2A79DD5400C62CE8 /* Assets.xcassets */; };
		B956E0BF2A79DD5400C62CE8 /* Preview Assets.xcassets in Resources */ = {isa = PBXBuildFile; fileRef = B956E0BE2A79DD5400C62CE8 /* Preview Assets.xcassets */; };
		B956E0C12A79DD5400C62CE8 /* Persistence.swift in Sources */ = {isa = PBXBuildFile; fileRef = B956E0C02A79DD5400C62CE8 /* Persistence.swift */; };
		B956E0C42A79DD5400C62CE8 /* Timer.xcdatamodeld in Sources */ = {isa = PBXBuildFile; fileRef = B956E0C22A79DD5400C62CE8 /* Timer.xcdatamodeld */; };
		B956E0CE2A79DD5400C62CE8 /* TimerTests.swift in Sources */ = {isa = PBXBuildFile; fileRef = B956E0CD2A79DD5400C62CE8 /* TimerTests.swift */; };
		B956E0D82A79DD5400C62CE8 /* TimerUITests.swift in Sources */ = {isa = PBXBuildFile; fileRef = B956E0D72A79DD5400C62CE8 /* TimerUITests.swift */; };
		B956E0DA2A79DD5400C62CE8 /* TimerUITestsLaunchTests.swift in Sources */ = {isa = PBXBuildFile; fileRef = B956E0D92A79DD5400C62CE8 /* TimerUITestsLaunchTests.swift */; };
		B956E0F12A79F6C600C62CE8 /* TimeTable.swift in Sources */ = {isa = PBXBuildFile; fileRef = B956E0F02A79F6C600C62CE8 /* TimeTable.swift */; };
		B956E0FA2A7A3FCC00C62CE8 /* night.png in Resources */ = {isa = PBXBuildFile; fileRef = B956E0F42A7A3FCC00C62CE8 /* night.png */; };
		B956E0FB2A7A3FCC00C62CE8 /* noon.png in Resources */ = {isa = PBXBuildFile; fileRef = B956E0F52A7A3FCC00C62CE8 /* noon.png */; };
		B956E0FD2A7A3FCC00C62CE8 /* evening.png in Resources */ = {isa = PBXBuildFile; fileRef = B956E0F72A7A3FCC00C62CE8 /* evening.png */; };
		B956E0FE2A7A3FCC00C62CE8 /* earlymorning.png in Resources */ = {isa = PBXBuildFile; fileRef = B956E0F82A7A3FCC00C62CE8 /* earlymorning.png */; };
		B956E0FF2A7A3FCC00C62CE8 /* morninig.png in Resources */ = {isa = PBXBuildFile; fileRef = B956E0F92A7A3FCC00C62CE8 /* morninig.png */; };
/* End PBXBuildFile section */

/* Begin PBXContainerItemProxy section */
		B956E0CA2A79DD5400C62CE8 /* PBXContainerItemProxy */ = {
			isa = PBXContainerItemProxy;
			containerPortal = B956E0AC2A79DD5300C62CE8 /* Project object */;
			proxyType = 1;
			remoteGlobalIDString = B956E0B32A79DD5300C62CE8;
			remoteInfo = Timer;
		};
		B956E0D42A79DD5400C62CE8 /* PBXContainerItemProxy */ = {
			isa = PBXContainerItemProxy;
			containerPortal = B956E0AC2A79DD5300C62CE8 /* Project object */;
			proxyType = 1;
			remoteGlobalIDString = B956E0B32A79DD5300C62CE8;
			remoteInfo = Timer;
		};
/* End PBXContainerItemProxy section */

/* Begin PBXFileReference section */
		B956E0B42A79DD5300C62CE8 /* Timer.app */ = {isa = PBXFileReference; explicitFileType = wrapper.application; includeInIndex = 0; path = Timer.app; sourceTree = BUILT_PRODUCTS_DIR; };
		B956E0B72A79DD5300C62CE8 /* TimerApp.swift */ = {isa = PBXFileReference; lastKnownFileType = sourcecode.swift; path = TimerApp.swift; sourceTree = "<group>"; };
		B956E0B92A79DD5300C62CE8 /* ContentView.swift */ = {isa = PBXFileReference; lastKnownFileType = sourcecode.swift; path = ContentView.swift; sourceTree = "<group>"; };
		B956E0BB2A79DD5400C62CE8 /* Assets.xcassets */ = {isa = PBXFileReference; lastKnownFileType = folder.assetcatalog; path = Assets.xcassets; sourceTree = "<group>"; };
		B956E0BE2A79DD5400C62CE8 /* Preview Assets.xcassets */ = {isa = PBXFileReference; lastKnownFileType = folder.assetcatalog; path = "Preview Assets.xcassets"; sourceTree = "<group>"; };
		B956E0C02A79DD5400C62CE8 /* Persistence.swift */ = {isa = PBXFileReference; lastKnownFileType = sourcecode.swift; path = Persistence.swift; sourceTree = "<group>"; };
		B956E0C32A79DD5400C62CE8 /* Timer.xcdatamodel */ = {isa = PBXFileReference; lastKnownFileType = wrapper.xcdatamodel; path = Timer.xcdatamodel; sourceTree = "<group>"; };
		B956E0C92A79DD5400C62CE8 /* TimerTests.xctest */ = {isa = PBXFileReference; explicitFileType = wrapper.cfbundle; includeInIndex = 0; path = TimerTests.xctest; sourceTree = BUILT_PRODUCTS_DIR; };
		B956E0CD2A79DD5400C62CE8 /* TimerTests.swift */ = {isa = PBXFileReference; lastKnownFileType = sourcecode.swift; path = TimerTests.swift; sourceTree = "<group>"; };
		B956E0D32A79DD5400C62CE8 /* TimerUITests.xctest */ = {isa = PBXFileReference; explicitFileType = wrapper.cfbundle; includeInIndex = 0; path = TimerUITests.xctest; sourceTree = BUILT_PRODUCTS_DIR; };
		B956E0D72A79DD5400C62CE8 /* TimerUITests.swift */ = {isa = PBXFileReference; lastKnownFileType = sourcecode.swift; path = TimerUITests.swift; sourceTree = "<group>"; };
		B956E0D92A79DD5400C62CE8 /* TimerUITestsLaunchTests.swift */ = {isa = PBXFileReference; lastKnownFileType = sourcecode.swift; path = TimerUITestsLaunchTests.swift; sourceTree = "<group>"; };
		B956E0F02A79F6C600C62CE8 /* TimeTable.swift */ = {isa = PBXFileReference; lastKnownFileType = sourcecode.swift; path = TimeTable.swift; sourceTree = "<group>"; };
		B956E0F42A7A3FCC00C62CE8 /* night.png */ = {isa = PBXFileReference; lastKnownFileType = image.png; name = night.png; path = Drawable/night.png; sourceTree = SOURCE_ROOT; };
		B956E0F52A7A3FCC00C62CE8 /* noon.png */ = {isa = PBXFileReference; lastKnownFileType = image.png; name = noon.png; path = Drawable/noon.png; sourceTree = SOURCE_ROOT; };
		B956E0F72A7A3FCC00C62CE8 /* evening.png */ = {isa = PBXFileReference; lastKnownFileType = image.png; name = evening.png; path = Drawable/evening.png; sourceTree = SOURCE_ROOT; };
		B956E0F82A7A3FCC00C62CE8 /* earlymorning.png */ = {isa = PBXFileReference; lastKnownFileType = image.png; name = earlymorning.png; path = Drawable/earlymorning.png; sourceTree = SOURCE_ROOT; };
		B956E0F92A7A3FCC00C62CE8 /* morninig.png */ = {isa = PBXFileReference; lastKnownFileType = image.png; name = morninig.png; path = Drawable/morninig.png; sourceTree = SOURCE_ROOT; };
/* End PBXFileReference section */

/* Begin PBXFrameworksBuildPhase section */
		B956E0B12A79DD5300C62CE8 /* Frameworks */ = {
			isa = PBXFrameworksBuildPhase;
			buildActionMask = 2147483647;
			files = (
			);
			runOnlyForDeploymentPostprocessing = 0;
		};
		B956E0C62A79DD5400C62CE8 /* Frameworks */ = {
			isa = PBXFrameworksBuildPhase;
			buildActionMask = 2147483647;
			files = (
			);
			runOnlyForDeploymentPostprocessing = 0;
		};
		B956E0D02A79DD5400C62CE8 /* Frameworks */ = {
			isa = PBXFrameworksBuildPhase;
			buildActionMask = 2147483647;
			files = (
			);
			runOnlyForDeploymentPostprocessing = 0;
		};
/* End PBXFrameworksBuildPhase section */

/* Begin PBXGroup section */
		B956E0AB2A79DD5300C62CE8 = {
			isa = PBXGroup;
			children = (
				B956E0B62A79DD5300C62CE8 /* Timer */,
				B956E0CC2A79DD5400C62CE8 /* TimerTests */,
				B956E0D62A79DD5400C62CE8 /* TimerUITests */,
				B956E0B52A79DD5300C62CE8 /* Products */,
			);
			sourceTree = "<group>";
		};
		B956E0B52A79DD5300C62CE8 /* Products */ = {
			isa = PBXGroup;
			children = (
				B956E0B42A79DD5300C62CE8 /* Timer.app */,
				B956E0C92A79DD5400C62CE8 /* TimerTests.xctest */,
				B956E0D32A79DD5400C62CE8 /* TimerUITests.xctest */,
			);
			name = Products;
			sourceTree = "<group>";
		};
		B956E0B62A79DD5300C62CE8 /* Timer */ = {
			isa = PBXGroup;
			children = (
				B956E0F82A7A3FCC00C62CE8 /* earlymorning.png */,
				B956E0F72A7A3FCC00C62CE8 /* evening.png */,
				B956E0F92A7A3FCC00C62CE8 /* morninig.png */,
				B956E0F42A7A3FCC00C62CE8 /* night.png */,
				B956E0F52A7A3FCC00C62CE8 /* noon.png */,
				B956E0B72A79DD5300C62CE8 /* TimerApp.swift */,
				B956E0B92A79DD5300C62CE8 /* ContentView.swift */,
				B956E0BB2A79DD5400C62CE8 /* Assets.xcassets */,
				B956E0C02A79DD5400C62CE8 /* Persistence.swift */,
				B956E0C22A79DD5400C62CE8 /* Timer.xcdatamodeld */,
				B956E0BD2A79DD5400C62CE8 /* Preview Content */,
				B956E0F02A79F6C600C62CE8 /* TimeTable.swift */,
			);
			path = Timer;
			sourceTree = "<group>";
		};
		B956E0BD2A79DD5400C62CE8 /* Preview Content */ = {
			isa = PBXGroup;
			children = (
				B956E0BE2A79DD5400C62CE8 /* Preview Assets.xcassets */,
			);
			path = "Preview Content";
			sourceTree = "<group>";
		};
		B956E0CC2A79DD5400C62CE8 /* TimerTests */ = {
			isa = PBXGroup;
			children = (
				B956E0CD2A79DD5400C62CE8 /* TimerTests.swift */,
			);
			path = TimerTests;
			sourceTree = "<group>";
		};
		B956E0D62A79DD5400C62CE8 /* TimerUITests */ = {
			isa = PBXGroup;
			children = (
				B956E0D72A79DD5400C62CE8 /* TimerUITests.swift */,
				B956E0D92A79DD5400C62CE8 /* TimerUITestsLaunchTests.swift */,
			);
			path = TimerUITests;
			sourceTree = "<group>";
		};
/* End PBXGroup section */

/* Begin PBXNativeTarget section */
		B956E0B32A79DD5300C62CE8 /* Timer */ = {
			isa = PBXNativeTarget;
			buildConfigurationList = B956E0DD2A79DD5400C62CE8 /* Build configuration list for PBXNativeTarget "Timer" */;
			buildPhases = (
				B956E0B02A79DD5300C62CE8 /* Sources */,
				B956E0B12A79DD5300C62CE8 /* Frameworks */,
				B956E0B22A79DD5300C62CE8 /* Resources */,
			);
			buildRules = (
			);
			dependencies = (
			);
			name = Timer;
			productName = Timer;
			productReference = B956E0B42A79DD5300C62CE8 /* Timer.app */;
			productType = "com.apple.product-type.application";
		};
		B956E0C82A79DD5400C62CE8 /* TimerTests */ = {
			isa = PBXNativeTarget;
			buildConfigurationList = B956E0E02A79DD5400C62CE8 /* Build configuration list for PBXNativeTarget "TimerTests" */;
			buildPhases = (
				B956E0C52A79DD5400C62CE8 /* Sources */,
				B956E0C62A79DD5400C62CE8 /* Frameworks */,
				B956E0C72A79DD5400C62CE8 /* Resources */,
			);
			buildRules = (
			);
			dependencies = (
				B956E0CB2A79DD5400C62CE8 /* PBXTargetDependency */,
			);
			name = TimerTests;
			productName = TimerTests;
			productReference = B956E0C92A79DD5400C62CE8 /* TimerTests.xctest */;
			productType = "com.apple.product-type.bundle.unit-test";
		};
		B956E0D22A79DD5400C62CE8 /* TimerUITests */ = {
			isa = PBXNativeTarget;
			buildConfigurationList = B956E0E32A79DD5400C62CE8 /* Build configuration list for PBXNativeTarget "TimerUITests" */;
			buildPhases = (
				B956E0CF2A79DD5400C62CE8 /* Sources */,
				B956E0D02A79DD5400C62CE8 /* Frameworks */,
				B956E0D12A79DD5400C62CE8 /* Resources */,
			);
			buildRules = (
			);
			dependencies = (
				B956E0D52A79DD5400C62CE8 /* PBXTargetDependency */,
			);
			name = TimerUITests;
			productName = TimerUITests;
			productReference = B956E0D32A79DD5400C62CE8 /* TimerUITests.xctest */;
			productType = "com.apple.product-type.bundle.ui-testing";
		};
/* End PBXNativeTarget section */

/* Begin PBXProject section */
		B956E0AC2A79DD5300C62CE8 /* Project object */ = {
			isa = PBXProject;
			attributes = {
				BuildIndependentTargetsInParallel = 1;
				LastSwiftUpdateCheck = 1430;
				LastUpgradeCheck = 1430;
				TargetAttributes = {
					B956E0B32A79DD5300C62CE8 = {
						CreatedOnToolsVersion = 14.3.1;
					};
					B956E0C82A79DD5400C62CE8 = {
						CreatedOnToolsVersion = 14.3.1;
						TestTargetID = B956E0B32A79DD5300C62CE8;
					};
					B956E0D22A79DD5400C62CE8 = {
						CreatedOnToolsVersion = 14.3.1;
						TestTargetID = B956E0B32A79DD5300C62CE8;
					};
				};
			};
			buildConfigurationList = B956E0AF2A79DD5300C62CE8 /* Build configuration list for PBXProject "timersimple" */;
			compatibilityVersion = "Xcode 14.0";
			developmentRegion = en;
			hasScannedForEncodings = 0;
			knownRegions = (
				en,
				Base,
			);
			mainGroup = B956E0AB2A79DD5300C62CE8;
			productRefGroup = B956E0B52A79DD5300C62CE8 /* Products */;
			projectDirPath = "";
			projectRoot = "";
			targets = (
				B956E0B32A79DD5300C62CE8 /* Timer */,
				B956E0C82A79DD5400C62CE8 /* TimerTests */,
				B956E0D22A79DD5400C62CE8 /* TimerUITests */,
			);
		};
/* End PBXProject section */

/* Begin PBXResourcesBuildPhase section */
		B956E0B22A79DD5300C62CE8 /* Resources */ = {
			isa = PBXResourcesBuildPhase;
			buildActionMask = 2147483647;
			files = (
				B956E0FA2A7A3FCC00C62CE8 /* night.png in Resources */,
				B956E0FE2A7A3FCC00C62CE8 /* earlymorning.png in Resources */,
				B956E0FD2A7A3FCC00C62CE8 /* evening.png in Resources */,
				B956E0FB2A7A3FCC00C62CE8 /* noon.png in Resources */,
				B956E0BF2A79DD5400C62CE8 /* Preview Assets.xcassets in Resources */,
				B956E0FF2A7A3FCC00C62CE8 /* morninig.png in Resources */,
				B956E0BC2A79DD5400C62CE8 /* Assets.xcassets in Resources */,
			);
			runOnlyForDeploymentPostprocessing = 0;
		};
		B956E0C72A79DD5400C62CE8 /* Resources */ = {
			isa = PBXResourcesBuildPhase;
			buildActionMask = 2147483647;
			files = (
			);
			runOnlyForDeploymentPostprocessing = 0;
		};
		B956E0D12A79DD5400C62CE8 /* Resources */ = {
			isa = PBXResourcesBuildPhase;
			buildActionMask = 2147483647;
			files = (
			);
			runOnlyForDeploymentPostprocessing = 0;
		};
/* End PBXResourcesBuildPhase section */

/* Begin PBXSourcesBuildPhase section */
		B956E0B02A79DD5300C62CE8 /* Sources */ = {
			isa = PBXSourcesBuildPhase;
			buildActionMask = 2147483647;
			files = (
				B956E0C12A79DD5400C62CE8 /* Persistence.swift in Sources */,
				B956E0F12A79F6C600C62CE8 /* TimeTable.swift in Sources */,
				B956E0BA2A79DD5300C62CE8 /* ContentView.swift in Sources */,
				B956E0B82A79DD5300C62CE8 /* TimerApp.swift in Sources */,
				B956E0C42A79DD5400C62CE8 /* Timer.xcdatamodeld in Sources */,
			);
			runOnlyForDeploymentPostprocessing = 0;
		};
		B956E0C52A79DD5400C62CE8 /* Sources */ = {
			isa = PBXSourcesBuildPhase;
			buildActionMask = 2147483647;
			files = (
				B956E0CE2A79DD5400C62CE8 /* TimerTests.swift in Sources */,
			);
			runOnlyForDeploymentPostprocessing = 0;
		};
		B956E0CF2A79DD5400C62CE8 /* Sources */ = {
			isa = PBXSourcesBuildPhase;
			buildActionMask = 2147483647;
			files = (
				B956E0DA2A79DD5400C62CE8 /* TimerUITestsLaunchTests.swift in Sources */,
				B956E0D82A79DD5400C62CE8 /* TimerUITests.swift in Sources */,
			);
			runOnlyForDeploymentPostprocessing = 0;
		};
/* End PBXSourcesBuildPhase section */

/* Begin PBXTargetDependency section */
		B956E0CB2A79DD5400C62CE8 /* PBXTargetDependency */ = {
			isa = PBXTargetDependency;
			target = B956E0B32A79DD5300C62CE8 /* Timer */;
			targetProxy = B956E0CA2A79DD5400C62CE8 /* PBXContainerItemProxy */;
		};
		B956E0D52A79DD5400C62CE8 /* PBXTargetDependency */ = {
			isa = PBXTargetDependency;
			target = B956E0B32A79DD5300C62CE8 /* Timer */;
			targetProxy = B956E0D42A79DD5400C62CE8 /* PBXContainerItemProxy */;
		};
/* End PBXTargetDependency section */

/* Begin XCBuildConfiguration section */
		B956E0DB2A79DD5400C62CE8 /* Debug */ = {
			isa = XCBuildConfiguration;
			buildSettings = {
				ALWAYS_SEARCH_USER_PATHS = NO;
				CLANG_ANALYZER_NONNULL = YES;
				CLANG_ANALYZER_NUMBER_OBJECT_CONVERSION = YES_AGGRESSIVE;
				CLANG_CXX_LANGUAGE_STANDARD = "gnu++20";
				CLANG_ENABLE_MODULES = YES;
				CLANG_ENABLE_OBJC_ARC = YES;
				CLANG_ENABLE_OBJC_WEAK = YES;
				CLANG_WARN_BLOCK_CAPTURE_AUTORELEASING = YES;
				CLANG_WARN_BOOL_CONVERSION = YES;
				CLANG_WARN_COMMA = YES;
				CLANG_WARN_CONSTANT_CONVERSION = YES;
				CLANG_WARN_DEPRECATED_OBJC_IMPLEMENTATIONS = YES;
				CLANG_WARN_DIRECT_OBJC_ISA_USAGE = YES_ERROR;
				CLANG_WARN_DOCUMENTATION_COMMENTS = YES;
				CLANG_WARN_EMPTY_BODY = YES;
				CLANG_WARN_ENUM_CONVERSION = YES;
				CLANG_WARN_INFINITE_RECURSION = YES;
				CLANG_WARN_INT_CONVERSION = YES;
				CLANG_WARN_NON_LITERAL_NULL_CONVERSION = YES;
				CLANG_WARN_OBJC_IMPLICIT_RETAIN_SELF = YES;
				CLANG_WARN_OBJC_LITERAL_CONVERSION = YES;
				CLANG_WARN_OBJC_ROOT_CLASS = YES_ERROR;
				CLANG_WARN_QUOTED_INCLUDE_IN_FRAMEWORK_HEADER = YES;
				CLANG_WARN_RANGE_LOOP_ANALYSIS = YES;
				CLANG_WARN_STRICT_PROTOTYPES = YES;
				CLANG_WARN_SUSPICIOUS_MOVE = YES;
				CLANG_WARN_UNGUARDED_AVAILABILITY = YES_AGGRESSIVE;
				CLANG_WARN_UNREACHABLE_CODE = YES;
				CLANG_WARN__DUPLICATE_METHOD_MATCH = YES;
				COPY_PHASE_STRIP = NO;
				DEBUG_INFORMATION_FORMAT = dwarf;
				ENABLE_STRICT_OBJC_MSGSEND = YES;
				ENABLE_TESTABILITY = YES;
				GCC_C_LANGUAGE_STANDARD = gnu11;
				GCC_DYNAMIC_NO_PIC = NO;
				GCC_NO_COMMON_BLOCKS = YES;
				GCC_OPTIMIZATION_LEVEL = 0;
				GCC_PREPROCESSOR_DEFINITIONS = (
					"DEBUG=1",
					"$(inherited)",
				);
				GCC_WARN_64_TO_32_BIT_CONVERSION = YES;
				GCC_WARN_ABOUT_RETURN_TYPE = YES_ERROR;
				GCC_WARN_UNDECLARED_SELECTOR = YES;
				GCC_WARN_UNINITIALIZED_AUTOS = YES_AGGRESSIVE;
				GCC_WARN_UNUSED_FUNCTION = YES;
				GCC_WARN_UNUSED_VARIABLE = YES;
				IPHONEOS_DEPLOYMENT_TARGET = 16.4;
				MTL_ENABLE_DEBUG_INFO = INCLUDE_SOURCE;
				MTL_FAST_MATH = YES;
				ONLY_ACTIVE_ARCH = YES;
				SDKROOT = iphoneos;
				SWIFT_ACTIVE_COMPILATION_CONDITIONS = DEBUG;
				SWIFT_OPTIMIZATION_LEVEL = "-Onone";
			};
			name = Debug;
		};
		B956E0DC2A79DD5400C62CE8 /* Release */ = {
			isa = XCBuildConfiguration;
			buildSettings = {
				ALWAYS_SEARCH_USER_PATHS = NO;
				CLANG_ANALYZER_NONNULL = YES;
				CLANG_ANALYZER_NUMBER_OBJECT_CONVERSION = YES_AGGRESSIVE;
				CLANG_CXX_LANGUAGE_STANDARD = "gnu++20";
				CLANG_ENABLE_MODULES = YES;
				CLANG_ENABLE_OBJC_ARC = YES;
				CLANG_ENABLE_OBJC_WEAK = YES;
				CLANG_WARN_BLOCK_CAPTURE_AUTORELEASING = YES;
				CLANG_WARN_BOOL_CONVERSION = YES;
				CLANG_WARN_COMMA = YES;
				CLANG_WARN_CONSTANT_CONVERSION = YES;
				CLANG_WARN_DEPRECATED_OBJC_IMPLEMENTATIONS = YES;
				CLANG_WARN_DIRECT_OBJC_ISA_USAGE = YES_ERROR;
				CLANG_WARN_DOCUMENTATION_COMMENTS = YES;
				CLANG_WARN_EMPTY_BODY = YES;
				CLANG_WARN_ENUM_CONVERSION = YES;
				CLANG_WARN_INFINITE_RECURSION = YES;
				CLANG_WARN_INT_CONVERSION = YES;
				CLANG_WARN_NON_LITERAL_NULL_CONVERSION = YES;
				CLANG_WARN_OBJC_IMPLICIT_RETAIN_SELF = YES;
				CLANG_WARN_OBJC_LITERAL_CONVERSION = YES;
				CLANG_WARN_OBJC_ROOT_CLASS = YES_ERROR;
				CLANG_WARN_QUOTED_INCLUDE_IN_FRAMEWORK_HEADER = YES;
				CLANG_WARN_RANGE_LOOP_ANALYSIS = YES;
				CLANG_WARN_STRICT_PROTOTYPES = YES;
				CLANG_WARN_SUSPICIOUS_MOVE = YES;
				CLANG_WARN_UNGUARDED_AVAILABILITY = YES_AGGRESSIVE;
				CLANG_WARN_UNREACHABLE_CODE = YES;
				CLANG_WARN__DUPLICATE_METHOD_MATCH = YES;
				COPY_PHASE_STRIP = NO;
				DEBUG_INFORMATION_FORMAT = "dwarf-with-dsym";
				ENABLE_NS_ASSERTIONS = NO;
				ENABLE_STRICT_OBJC_MSGSEND = YES;
				GCC_C_LANGUAGE_STANDARD = gnu11;
				GCC_NO_COMMON_BLOCKS = YES;
				GCC_WARN_64_TO_32_BIT_CONVERSION = YES;
				GCC_WARN_ABOUT_RETURN_TYPE = YES_ERROR;
				GCC_WARN_UNDECLARED_SELECTOR = YES;
				GCC_WARN_UNINITIALIZED_AUTOS = YES_AGGRESSIVE;
				GCC_WARN_UNUSED_FUNCTION = YES;
				GCC_WARN_UNUSED_VARIABLE = YES;
				IPHONEOS_DEPLOYMENT_TARGET = 16.4;
				MTL_ENABLE_DEBUG_INFO = NO;
				MTL_FAST_MATH = YES;
				SDKROOT = iphoneos;
				SWIFT_COMPILATION_MODE = wholemodule;
				SWIFT_OPTIMIZATION_LEVEL = "-O";
				VALIDATE_PRODUCT = YES;
			};
			name = Release;
		};
		B956E0DE2A79DD5400C62CE8 /* Debug */ = {
			isa = XCBuildConfiguration;
			buildSettings = {
				ASSETCATALOG_COMPILER_APPICON_NAME = AppIcon;
				ASSETCATALOG_COMPILER_GLOBAL_ACCENT_COLOR_NAME = AccentColor;
				ASSETCATALOG_COMPILER_INCLUDE_ALL_APPICON_ASSETS = YES;
				CODE_SIGN_IDENTITY = "Apple Development";
				CODE_SIGN_STYLE = Automatic;
				CURRENT_PROJECT_VERSION = 1;
				DEVELOPMENT_ASSET_PATHS = "\"Timer/Preview Content\"";
				DEVELOPMENT_TEAM = 7UHY26G97M;
				ENABLE_PREVIEWS = YES;
				GENERATE_INFOPLIST_FILE = YES;
				INFOPLIST_KEY_UIApplicationSceneManifest_Generation = YES;
				INFOPLIST_KEY_UIApplicationSupportsIndirectInputEvents = YES;
				INFOPLIST_KEY_UILaunchScreen_Generation = YES;
				INFOPLIST_KEY_UISupportedInterfaceOrientations_iPad = "UIInterfaceOrientationPortrait UIInterfaceOrientationPortraitUpsideDown UIInterfaceOrientationLandscapeLeft UIInterfaceOrientationLandscapeRight";
				INFOPLIST_KEY_UISupportedInterfaceOrientations_iPhone = "UIInterfaceOrientationPortrait UIInterfaceOrientationLandscapeLeft UIInterfaceOrientationLandscapeRight";
				LD_RUNPATH_SEARCH_PATHS = (
					"$(inherited)",
					"@executable_path/Frameworks",
				);
				MARKETING_VERSION = 1.0;
				PRODUCT_BUNDLE_IDENTIFIER = timersimple;
				PRODUCT_NAME = "$(TARGET_NAME)";
				PROVISIONING_PROFILE_SPECIFIER = "";
				SWIFT_EMIT_LOC_STRINGS = YES;
				SWIFT_VERSION = 5.0;
				TARGETED_DEVICE_FAMILY = "1,2";
			};
			name = Debug;
		};
		B956E0DF2A79DD5400C62CE8 /* Release */ = {
			isa = XCBuildConfiguration;
			buildSettings = {
				ASSETCATALOG_COMPILER_APPICON_NAME = AppIcon;
				"ASSETCATALOG_COMPILER_APPICON_NAME[sdk=iphoneos*]" = AppIcon;
				ASSETCATALOG_COMPILER_GLOBAL_ACCENT_COLOR_NAME = AccentColor;
				ASSETCATALOG_COMPILER_INCLUDE_ALL_APPICON_ASSETS = YES;
				CODE_SIGN_IDENTITY = "Apple Development";
				CODE_SIGN_STYLE = Automatic;
				CURRENT_PROJECT_VERSION = 1;
				DEVELOPMENT_ASSET_PATHS = "\"Timer/Preview Content\"";
				DEVELOPMENT_TEAM = 7UHY26G97M;
				ENABLE_PREVIEWS = YES;
				GENERATE_INFOPLIST_FILE = YES;
				INFOPLIST_KEY_UIApplicationSceneManifest_Generation = YES;
				INFOPLIST_KEY_UIApplicationSupportsIndirectInputEvents = YES;
				INFOPLIST_KEY_UILaunchScreen_Generation = YES;
				INFOPLIST_KEY_UISupportedInterfaceOrientations_iPad = "UIInterfaceOrientationPortrait UIInterfaceOrientationPortraitUpsideDown UIInterfaceOrientationLandscapeLeft UIInterfaceOrientationLandscapeRight";
				INFOPLIST_KEY_UISupportedInterfaceOrientations_iPhone = "UIInterfaceOrientationPortrait UIInterfaceOrientationLandscapeLeft UIInterfaceOrientationLandscapeRight";
				LD_RUNPATH_SEARCH_PATHS = (
					"$(inherited)",
					"@executable_path/Frameworks",
				);
				MARKETING_VERSION = 1.0;
				PRODUCT_BUNDLE_IDENTIFIER = timersimple;
				PRODUCT_NAME = "$(TARGET_NAME)";
				PROVISIONING_PROFILE_SPECIFIER = "";
				SWIFT_EMIT_LOC_STRINGS = YES;
				SWIFT_VERSION = 5.0;
				TARGETED_DEVICE_FAMILY = "1,2";
			};
			name = Release;
		};
		B956E0E12A79DD5400C62CE8 /* Debug */ = {
			isa = XCBuildConfiguration;
			buildSettings = {
				ALWAYS_EMBED_SWIFT_STANDARD_LIBRARIES = YES;
				BUNDLE_LOADER = "$(TEST_HOST)";
				CODE_SIGN_STYLE = Automatic;
				CURRENT_PROJECT_VERSION = 1;
				DEVELOPMENT_TEAM = ANADPTHA7W;
				GENERATE_INFOPLIST_FILE = YES;
				IPHONEOS_DEPLOYMENT_TARGET = 16.4;
				MARKETING_VERSION = 1.0;
				PRODUCT_BUNDLE_IDENTIFIER = KeitaNakata.TimerTests;
				PRODUCT_NAME = "$(TARGET_NAME)";
				SWIFT_EMIT_LOC_STRINGS = NO;
				SWIFT_VERSION = 5.0;
				TARGETED_DEVICE_FAMILY = "1,2";
				TEST_HOST = "$(BUILT_PRODUCTS_DIR)/Timer.app/$(BUNDLE_EXECUTABLE_FOLDER_PATH)/Timer";
			};
			name = Debug;
		};
		B956E0E22A79DD5400C62CE8 /* Release */ = {
			isa = XCBuildConfiguration;
			buildSettings = {
				ALWAYS_EMBED_SWIFT_STANDARD_LIBRARIES = YES;
				BUNDLE_LOADER = "$(TEST_HOST)";
				CODE_SIGN_STYLE = Automatic;
				CURRENT_PROJECT_VERSION = 1;
				DEVELOPMENT_TEAM = ANADPTHA7W;
				GENERATE_INFOPLIST_FILE = YES;
				IPHONEOS_DEPLOYMENT_TARGET = 16.4;
				MARKETING_VERSION = 1.0;
				PRODUCT_BUNDLE_IDENTIFIER = KeitaNakata.TimerTests;
				PRODUCT_NAME = "$(TARGET_NAME)";
				SWIFT_EMIT_LOC_STRINGS = NO;
				SWIFT_VERSION = 5.0;
				TARGETED_DEVICE_FAMILY = "1,2";
				TEST_HOST = "$(BUILT_PRODUCTS_DIR)/Timer.app/$(BUNDLE_EXECUTABLE_FOLDER_PATH)/Timer";
			};
			name = Release;
		};
		B956E0E42A79DD5400C62CE8 /* Debug */ = {
			isa = XCBuildConfiguration;
			buildSettings = {
				ALWAYS_EMBED_SWIFT_STANDARD_LIBRARIES = YES;
				CODE_SIGN_STYLE = Automatic;
				CURRENT_PROJECT_VERSION = 1;
				DEVELOPMENT_TEAM = ANADPTHA7W;
				GENERATE_INFOPLIST_FILE = YES;
				MARKETING_VERSION = 1.0;
				PRODUCT_BUNDLE_IDENTIFIER = KeitaNakata.TimerUITests;
				PRODUCT_NAME = "$(TARGET_NAME)";
				SWIFT_EMIT_LOC_STRINGS = NO;
				SWIFT_VERSION = 5.0;
				TARGETED_DEVICE_FAMILY = "1,2";
				TEST_TARGET_NAME = Timer;
			};
			name = Debug;
		};
		B956E0E52A79DD5400C62CE8 /* Release */ = {
			isa = XCBuildConfiguration;
			buildSettings = {
				ALWAYS_EMBED_SWIFT_STANDARD_LIBRARIES = YES;
				CODE_SIGN_STYLE = Automatic;
				CURRENT_PROJECT_VERSION = 1;
				DEVELOPMENT_TEAM = ANADPTHA7W;
				GENERATE_INFOPLIST_FILE = YES;
				MARKETING_VERSION = 1.0;
				PRODUCT_BUNDLE_IDENTIFIER = KeitaNakata.TimerUITests;
				PRODUCT_NAME = "$(TARGET_NAME)";
				SWIFT_EMIT_LOC_STRINGS = NO;
				SWIFT_VERSION = 5.0;
				TARGETED_DEVICE_FAMILY = "1,2";
				TEST_TARGET_NAME = Timer;
			};
			name = Release;
		};
/* End XCBuildConfiguration section */

/* Begin XCConfigurationList section */
		B956E0AF2A79DD5300C62CE8 /* Build configuration list for PBXProject "timersimple" */ = {
			isa = XCConfigurationList;
			buildConfigurations = (
				B956E0DB2A79DD5400C62CE8 /* Debug */,
				B956E0DC2A79DD5400C62CE8 /* Release */,
			);
			defaultConfigurationIsVisible = 0;
			defaultConfigurationName = Release;
		};
		B956E0DD2A79DD5400C62CE8 /* Build configuration list for PBXNativeTarget "Timer" */ = {
			isa = XCConfigurationList;
			buildConfigurations = (
				B956E0DE2A79DD5400C62CE8 /* Debug */,
				B956E0DF2A79DD5400C62CE8 /* Release */,
			);
			defaultConfigurationIsVisible = 0;
			defaultConfigurationName = Release;
		};
		B956E0E02A79DD5400C62CE8 /* Build configuration list for PBXNativeTarget "TimerTests" */ = {
			isa = XCConfigurationList;
			buildConfigurations = (
				B956E0E12A79DD5400C62CE8 /* Debug */,
				B956E0E22A79DD5400C62CE8 /* Release */,
			);
			defaultConfigurationIsVisible = 0;
			defaultConfigurationName = Release;
		};
		B956E0E32A79DD5400C62CE8 /* Build configuration list for PBXNativeTarget "TimerUITests" */ = {
			isa = XCConfigurationList;
			buildConfigurations = (
				B956E0E42A79DD5400C62CE8 /* Debug */,
				B956E0E52A79DD5400C62CE8 /* Release */,
			);
			defaultConfigurationIsVisible = 0;
			defaultConfigurationName = Release;
		};
/* End XCConfigurationList section */

/* Begin XCVersionGroup section */
		B956E0C22A79DD5400C62CE8 /* Timer.xcdatamodeld */ = {
			isa = XCVersionGroup;
			children = (
				B956E0C32A79DD5400C62CE8 /* Timer.xcdatamodel */,
			);
			currentVersion = B956E0C32A79DD5400C62CE8 /* Timer.xcdatamodel */;
			path = Timer.xcdatamodeld;
			sourceTree = "<group>";
			versionGroupType = wrapper.xcdatamodel;
		};
/* End XCVersionGroup section */
	};
	rootObject = B956E0AC2A79DD5300C62CE8 /* Project object */;
}
